
Microsoft Visual Studio Solution File, Format Version 12.00
# Visual Studio Version 17
VisualStudioVersion = 17.7.34031.279
MinimumVisualStudioVersion = 10.0.40219.1
Project("{2150E333-8FDC-42A3-9474-1A3956D46DE8}") = "Solution Items", "Solution Items", "{37E2D7A2-D636-489D-B1B0-322B96A57E36}"
	ProjectSection(SolutionItems) = preProject
		BotCommands.txt = BotCommands.txt
	EndProjectSection
EndProject
Project("{2150E333-8FDC-42A3-9474-1A3956D46DE8}") = "Readme", "Readme", "{7D038991-F3AB-4038-A7DF-BF93FFA6A4AC}"
EndProject
Project("{2150E333-8FDC-42A3-9474-1A3956D46DE8}") = "images", "images", "{3BB59DE7-BEE2-49FE-B93C-07D50922D3E7}"
	ProjectSection(SolutionItems) = preProject
		Readme\images\telebot.png = Readme\images\telebot.png
	EndProjectSection
EndProject
Project("{9A19103F-16F7-4668-BE54-9A1E7A4F7556}") = "BotApi", "BotApi\BotApi.csproj", "{C9858E4F-D606-48AE-B521-FEDFA64F2785}"
EndProject
Project("{9A19103F-16F7-4668-BE54-9A1E7A4F7556}") = "BotApiTests", "BotApiTests\BotApiTests.csproj", "{BDD1A945-0E10-47B8-A917-DBA797DBD3E4}"
EndProject
Global
	GlobalSection(SolutionConfigurationPlatforms) = preSolution
		Debug|Any CPU = Debug|Any CPU
		Release|Any CPU = Release|Any CPU
	EndGlobalSection
	GlobalSection(ProjectConfigurationPlatforms) = postSolution
		{C9858E4F-D606-48AE-B521-FEDFA64F2785}.Debug|Any CPU.ActiveCfg = Debug|Any CPU
		{C9858E4F-D606-48AE-B521-FEDFA64F2785}.Debug|Any CPU.Build.0 = Debug|Any CPU
		{C9858E4F-D606-48AE-B521-FEDFA64F2785}.Release|Any CPU.ActiveCfg = Release|Any CPU
		{C9858E4F-D606-48AE-B521-FEDFA64F2785}.Release|Any CPU.Build.0 = Release|Any CPU
		{BDD1A945-0E10-47B8-A917-DBA797DBD3E4}.Debug|Any CPU.ActiveCfg = Debug|Any CPU
		{BDD1A945-0E10-47B8-A917-DBA797DBD3E4}.Debug|Any CPU.Build.0 = Debug|Any CPU
		{BDD1A945-0E10-47B8-A917-DBA797DBD3E4}.Release|Any CPU.ActiveCfg = Release|Any CPU
		{BDD1A945-0E10-47B8-A917-DBA797DBD3E4}.Release|Any CPU.Build.0 = Release|Any CPU
	EndGlobalSection
	GlobalSection(SolutionProperties) = preSolution
		HideSolutionNode = FALSE
	EndGlobalSection
	GlobalSection(NestedProjects) = preSolution
		{7D038991-F3AB-4038-A7DF-BF93FFA6A4AC} = {37E2D7A2-D636-489D-B1B0-322B96A57E36}
		{3BB59DE7-BEE2-49FE-B93C-07D50922D3E7} = {7D038991-F3AB-4038-A7DF-BF93FFA6A4AC}
	EndGlobalSection
	GlobalSection(ExtensibilityGlobals) = postSolution
		SolutionGuid = {3AB3BE6B-53BE-400D-80AF-F7B4C843E7B7}
	EndGlobalSection
EndGlobal
